# This file was autogenerated by Stack.
# You should not edit this file by hand.
# For more information, please see the documentation at:
#   https://docs.haskellstack.org/en/stable/topics/lock_files

packages:
- completed:
    hackage: fortytwo-2.0.0@sha256:230310f5b8cdcd3b9f2a65b7d0d7bf38a14a2c98e9d88efd56068da60bcc70c7,2664
    pantry-tree:
      sha256: 856508b26b1099e3708f0f20f15fa356c9815db14be9378feaeb02ae365e7368
      size: 1842
  original:
    hackage: fortytwo-2.0.0@sha256:230310f5b8cdcd3b9f2a65b7d0d7bf38a14a2c98e9d88efd56068da60bcc70c7,2664
- completed:
    hackage: terminal-size-0.3.3@sha256:bd5f02333982bc8d6017db257b2a0b91870a295b4a37142a0c0525d8f533a48f,1255
    pantry-tree:
      sha256: 2a9669ed392657d34ec2e180ddac68c9ef657e54bf4b5fbc9b9efaa7b1d341be
      size: 580
  original:
    hackage: terminal-size-0.3.3
- completed:
    hackage: toml-parser-1.3.2.0@sha256:50adac7c438c0217e5968646618d5316c3c74f9c14e036976999f9b90a612306,3625
    pantry-tree:
      sha256: c5b5765188a8ae2241358740e18eb0d2b37cf3b4d241b98650d089011f5830e7
      size: 2173
  original:
    hackage: toml-parser-1.3.2.0@sha256:50adac7c438c0217e5968646618d5316c3c74f9c14e036976999f9b90a612306,3625
snapshots:
- completed:
    sha256: 72cdd5851794184138551f43f0897c28f1a5acdda303b266aa9e910461103b3c
    size: 726784
    url: https://raw.githubusercontent.com/commercialhaskell/stackage-snapshots/master/lts/24/28.yaml
  original: lts-24.28
