# This file was autogenerated by Stack.
# You should not edit this file by hand.
# For more information, please see the documentation at:
#   https://docs.haskellstack.org/en/stable/lock_files

packages:
- completed:
    hackage: Cabal-3.8.1.0@sha256:77121d8e1aff14a0fd95684b751599db78a7dd26d55862d9fcef27c88b193e9d,12609
    pantry-tree:
      sha256: 69af34caaaae2fa5ad24c69b7eead612b896d5c00d742d40ba0c1ae3ab6afd4f
      size: 8955
  original:
    hackage: Cabal-3.8.1.0
- completed:
    hackage: Cabal-syntax-3.8.1.0@sha256:ed2d937ba6c6a20b75850349eedd41374885fc42369ef152d69e2ba70f44f593,7620
    pantry-tree:
      sha256: ea286f643cc7b11dd7efe98982403515419e0c91909c48007927538358bfc4a3
      size: 11052
  original:
    hackage: Cabal-syntax-3.8.1.0
- completed:
    hackage: directory-1.3.8.1@sha256:bd3b0a0947a365d2da80b9f4a960a864d42ffa7a46577fdc7a0611703486a7f9,3071
    pantry-tree:
      sha256: f60c4c14a20e88daae7c6fba4421245ca254a1c048302ba2197e3622a808d343
      size: 3519
  original:
    hackage: directory-1.3.8.1
- completed:
    hackage: exceptions-0.10.7@sha256:60ccc2277f8fa98a1a03c42afd9c589ba33ce208eaaef7d69bfbb42ce09d1816,2803
    pantry-tree:
      sha256: d120a93fe716375208630bd9a2079d325d230dfa4d4909c00ac8d110da42c05c
      size: 739
  original:
    hackage: exceptions-0.10.7
- completed:
    hackage: filepath-1.4.100.4@sha256:2de84756d3907308230e34fcc7c1917a73f218f6d53838618b7d5b95dd33e2c3,5536
    pantry-tree:
      sha256: 3f8869f574ea76933efe77ed3c6e4e5a646317b38e8962970c8d0d092266f230
      size: 3346
  original:
    hackage: filepath-1.4.100.4
- completed:
    hackage: fortytwo-2.0.0@sha256:230310f5b8cdcd3b9f2a65b7d0d7bf38a14a2c98e9d88efd56068da60bcc70c7,2664
    pantry-tree:
      sha256: 856508b26b1099e3708f0f20f15fa356c9815db14be9378feaeb02ae365e7368
      size: 1842
  original:
    hackage: fortytwo-2.0.0
- completed:
    hackage: mtl-2.3.1@sha256:5377696d7315e2ef31a8d15d67b22d733c20cac2caf8b26756ff8524c8217e6d,1868
    pantry-tree:
      sha256: ac3cf1dc9ef397512d4bf8f2c3fbe4d64fb8aabd253288b34bf86c09ae234d4f
      size: 1853
  original:
    hackage: mtl-2.3.1
- completed:
    hackage: parsec-3.1.17.0@sha256:6cf18e59d9f1c5b40385457b82ab679dc18d3c5bd3c2c67b2f94e1e8732e6624,5119
    pantry-tree:
      sha256: cca87377fcfe25583e1f7aadc4971111a86c2e66002dffa304be92f294db32c8
      size: 2810
  original:
    hackage: parsec-3.1.17.0
- completed:
    hackage: process-1.6.18.0@sha256:cd0a3e0376b5a8525983d3131a31e52f9ffefc278ce635eec45a9d3987b8be3e,3025
    pantry-tree:
      sha256: 3f9fef1f9a6ed1a6923578ada0bc8c16d016344cc67614473384524334463cc2
      size: 1675
  original:
    hackage: process-1.6.18.0
- completed:
    hackage: toml-parser-1.3.0.0@sha256:ff09ebb6823b965f4ba7ec6923967120332d4832855614d4b8e81b9c1972d525,3065
    pantry-tree:
      sha256: dd6510ac2bf5290b7a083ead52e33ede7c583a4ab44162a193245e2307d3cc1b
      size: 1913
  original:
    hackage: toml-parser-1.3.0.0
- completed:
    hackage: unix-2.8.3.0@sha256:6dfdbb57fcfe5b0b6ecdaf633bc1cceb98a87800a22544f42354375016c6e66c,9351
    pantry-tree:
      sha256: c41fc9e350d7438710cd0a4b4199eba06c8a40835bd2d5532bab5f2a5e988605
      size: 5821
  original:
    hackage: unix-2.8.3.0
snapshots:
- completed:
    sha256: 23bb9bb355bfdb1635252e120a29b712f0d5e8a6c6a65c5ab5bd6692f46c438e
    size: 640457
    url: https://raw.githubusercontent.com/commercialhaskell/stackage-snapshots/master/lts/21/7.yaml
  original: lts-21.7
