# This file was autogenerated by Stack.
# You should not edit this file by hand.
# For more information, please see the documentation at:
#   https://docs.haskellstack.org/en/stable/lock_files

packages:
- completed:
    hackage: Cabal-3.8.1.0@sha256:77121d8e1aff14a0fd95684b751599db78a7dd26d55862d9fcef27c88b193e9d,12609
    pantry-tree:
      sha256: 69af34caaaae2fa5ad24c69b7eead612b896d5c00d742d40ba0c1ae3ab6afd4f
      size: 8955
  original:
    hackage: Cabal-3.8.1.0
- completed:
    hackage: Cabal-syntax-3.8.1.0@sha256:ed2d937ba6c6a20b75850349eedd41374885fc42369ef152d69e2ba70f44f593,7620
    pantry-tree:
      sha256: ea286f643cc7b11dd7efe98982403515419e0c91909c48007927538358bfc4a3
      size: 11052
  original:
    hackage: Cabal-syntax-3.8.1.0
- completed:
    hackage: code-page-0.2.1@sha256:fe596b0f421abd2894fdb7049b3d76230eb1de6e04e9f635e2695dd55ded856e,2427
    pantry-tree:
      sha256: 58322c9a19b9e9c94d45927724fa9d23f994e3dcdadb4fb5cce5ea4aa33faebc
      size: 583
  original:
    hackage: code-page-0.2.1
- completed:
    hackage: directory-1.3.7.1@sha256:7d16bf127fb303bd69d9c433bb146c5815f9690933af1d5a6ee45dea2e536dc5,2971
    pantry-tree:
      sha256: 8fe5d578685d85c0cdb6cd6f342fe85b99968055a6e70802fcaad56caa1f6362
      size: 3503
  original:
    hackage: directory-1.3.7.1
- completed:
    hackage: doctest-0.21.1@sha256:51c06806207d7123d0581cdc0cf014e22c60f76c6ae18c4a8ac85bed8f6b53ef,6849
    pantry-tree:
      sha256: 754f637cfe4500b769d88cde0a5013cb69355c6859d6b7162c12edd44aeb373a
      size: 8088
  original:
    hackage: doctest-0.21.1
- completed:
    hackage: filepath-1.4.100.4@sha256:2de84756d3907308230e34fcc7c1917a73f218f6d53838618b7d5b95dd33e2c3,5536
    pantry-tree:
      sha256: 3f8869f574ea76933efe77ed3c6e4e5a646317b38e8962970c8d0d092266f230
      size: 3346
  original:
    hackage: filepath-1.4.100.4
- completed:
    hackage: fortytwo-2.0.0@sha256:230310f5b8cdcd3b9f2a65b7d0d7bf38a14a2c98e9d88efd56068da60bcc70c7,2664
    pantry-tree:
      sha256: 856508b26b1099e3708f0f20f15fa356c9815db14be9378feaeb02ae365e7368
      size: 1842
  original:
    hackage: fortytwo-2.0.0
- completed:
    hackage: process-1.6.16.0@sha256:1b9c267e475d4492b80edc1f58d08c458d4a10d17ea95294356443855b125616,2845
    pantry-tree:
      sha256: dc130ef74f0400c0761f53abdbcf16588b568ccbe6d43a584a43846d6da08012
      size: 1545
  original:
    hackage: process-1.6.16.0
- completed:
    hackage: terminal-size-0.3.3@sha256:bd5f02333982bc8d6017db257b2a0b91870a295b4a37142a0c0525d8f533a48f,1255
    pantry-tree:
      sha256: 2a9669ed392657d34ec2e180ddac68c9ef657e54bf4b5fbc9b9efaa7b1d341be
      size: 580
  original:
    hackage: terminal-size-0.3.3
- completed:
    hackage: time-1.12.2@sha256:88e8493d9130038d3b9968a2530a0900141cd3d938483c83dde56e12b875ebc8,6510
    pantry-tree:
      sha256: de0ab314661da3788b5dad20254e44929b1659b00d32b5a0cd54922a05e006e8
      size: 7264
  original:
    hackage: time-1.12.2
- completed:
    hackage: toml-parser-1.3.0.0@sha256:ff09ebb6823b965f4ba7ec6923967120332d4832855614d4b8e81b9c1972d525,3065
    pantry-tree:
      sha256: dd6510ac2bf5290b7a083ead52e33ede7c583a4ab44162a193245e2307d3cc1b
      size: 1913
  original:
    hackage: toml-parser-1.3.0.0
- completed:
    hackage: Win32-2.13.0.0@sha256:289c911e7a014c655fdf04cf5ca544f1d5b07e01da3db52d1cf1bdf42c2c5502,4387
    pantry-tree:
      sha256: 34118f0d156763ef91bef634ffb69e246db50e6ad87abb044187d667bf91a26f
      size: 6184
  original:
    hackage: Win32-2.13.0.0
snapshots:
- completed:
    sha256: 1d663bec402f77fa09fa3e8cf288c3c7eb18a1f28a5e0c331ac47adeacd21346
    size: 640034
    url: https://raw.githubusercontent.com/commercialhaskell/stackage-snapshots/master/lts/21/16.yaml
  original: lts-21.16
